
Microsoft Visual Studio Solution File, Format Version 12.00
# Visual Studio Version 17
VisualStudioVersion = 17.11.35222.181
MinimumVisualStudioVersion = 10.0.40219.1
Project("{2150E333-8FDC-42A3-9474-1A3956D46DE8}") = "Services", "Services", "{B8D9E0C8-92CE-41CD-8A35-A76870165AB4}"
EndProject
Project("{2150E333-8FDC-42A3-9474-1A3956D46DE8}") = "Catalog", "Catalog", "{F6AE5032-CF76-4A83-A2C9-16C935F803E6}"
EndProject
Project("{9A19103F-16F7-4668-BE54-9A1E7A4F7556}") = "Catalog.API", "Services\Catalog\Catalog.API\Catalog.API.csproj", "{97C0D649-1640-4028-BFF8-9385A3798F64}"
EndProject
Project("{2150E333-8FDC-42A3-9474-1A3956D46DE8}") = "BuildingBlocks", "BuildingBlocks", "{B555AF6F-802B-46BF-BB22-8AECEF0B609C}"
EndProject
Project("{9A19103F-16F7-4668-BE54-9A1E7A4F7556}") = "BuildingBlocks", "BuildingBlocks\BuildingBlocks\BuildingBlocks.csproj", "{A18DB50B-93DF-492E-B88A-87587BFD5378}"
EndProject
Project("{E53339B2-1760-4266-BCC7-CA923CBCF16C}") = "docker-compose", "docker-compose.dcproj", "{1E21BDD0-D5B0-4ED8-A69B-3B5C2491454C}"
EndProject
Project("{2150E333-8FDC-42A3-9474-1A3956D46DE8}") = "Basket", "Basket", "{4AAA9D7B-BB04-4FF3-894F-3F2FFDBB4FFF}"
EndProject
Project("{FAE04EC0-301F-11D3-BF4B-00C04F79EFBC}") = "Basket.API", "Services\Basket.API\Basket.API.csproj", "{3F0CFCB6-D980-416A-9FE3-487FFE23F0E6}"
EndProject
Project("{2150E333-8FDC-42A3-9474-1A3956D46DE8}") = "Discount", "Discount", "{EC4C2CF8-8CF1-40BE-B434-5C86F89DF49E}"
EndProject
Project("{FAE04EC0-301F-11D3-BF4B-00C04F79EFBC}") = "Discount.Grpc", "Services\Discount\Discount.Grpc\Discount.Grpc.csproj", "{64DDB456-CAC7-49BD-8642-F8C792C6B8B4}"
EndProject
Project("{2150E333-8FDC-42A3-9474-1A3956D46DE8}") = "Ordering", "Ordering", "{68D071AB-2167-4603-B096-934E8DAA76ED}"
EndProject
Project("{FAE04EC0-301F-11D3-BF4B-00C04F79EFBC}") = "Ordering.API", "Services\Ordering\Ordering.API\Ordering.API.csproj", "{BBC3BA19-7B9E-4518-A82C-090F312CF109}"
EndProject
Project("{FAE04EC0-301F-11D3-BF4B-00C04F79EFBC}") = "Ordering.Domain", "Services\Ordering\Ordering.Domain\Ordering.Domain.csproj", "{4FCFECC5-2253-4931-8551-47BF49CCB2D1}"
EndProject
Project("{FAE04EC0-301F-11D3-BF4B-00C04F79EFBC}") = "Ordering.Application", "Services\Ordering\Ordering.Application\Ordering.Application.csproj", "{9A5AE4D1-0934-4C5F-8A55-F3D008F6E636}"
EndProject
Project("{FAE04EC0-301F-11D3-BF4B-00C04F79EFBC}") = "Ordering.Infraestructure", "Services\Ordering\Ordering.Infraestructure\Ordering.Infraestructure.csproj", "{BD99A5E2-68F1-4C2E-9707-9AB6C671DB18}"
EndProject
Global
	GlobalSection(SolutionConfigurationPlatforms) = preSolution
		Debug|Any CPU = Debug|Any CPU
		Release|Any CPU = Release|Any CPU
	EndGlobalSection
	GlobalSection(ProjectConfigurationPlatforms) = postSolution
		{97C0D649-1640-4028-BFF8-9385A3798F64}.Debug|Any CPU.ActiveCfg = Debug|Any CPU
		{97C0D649-1640-4028-BFF8-9385A3798F64}.Debug|Any CPU.Build.0 = Debug|Any CPU
		{97C0D649-1640-4028-BFF8-9385A3798F64}.Release|Any CPU.ActiveCfg = Release|Any CPU
		{97C0D649-1640-4028-BFF8-9385A3798F64}.Release|Any CPU.Build.0 = Release|Any CPU
		{A18DB50B-93DF-492E-B88A-87587BFD5378}.Debug|Any CPU.ActiveCfg = Debug|Any CPU
		{A18DB50B-93DF-492E-B88A-87587BFD5378}.Debug|Any CPU.Build.0 = Debug|Any CPU
		{A18DB50B-93DF-492E-B88A-87587BFD5378}.Release|Any CPU.ActiveCfg = Release|Any CPU
		{A18DB50B-93DF-492E-B88A-87587BFD5378}.Release|Any CPU.Build.0 = Release|Any CPU
		{1E21BDD0-D5B0-4ED8-A69B-3B5C2491454C}.Debug|Any CPU.ActiveCfg = Debug|Any CPU
		{1E21BDD0-D5B0-4ED8-A69B-3B5C2491454C}.Debug|Any CPU.Build.0 = Debug|Any CPU
		{1E21BDD0-D5B0-4ED8-A69B-3B5C2491454C}.Release|Any CPU.ActiveCfg = Release|Any CPU
		{1E21BDD0-D5B0-4ED8-A69B-3B5C2491454C}.Release|Any CPU.Build.0 = Release|Any CPU
		{3F0CFCB6-D980-416A-9FE3-487FFE23F0E6}.Debug|Any CPU.ActiveCfg = Debug|Any CPU
		{3F0CFCB6-D980-416A-9FE3-487FFE23F0E6}.Debug|Any CPU.Build.0 = Debug|Any CPU
		{3F0CFCB6-D980-416A-9FE3-487FFE23F0E6}.Release|Any CPU.ActiveCfg = Release|Any CPU
		{3F0CFCB6-D980-416A-9FE3-487FFE23F0E6}.Release|Any CPU.Build.0 = Release|Any CPU
		{64DDB456-CAC7-49BD-8642-F8C792C6B8B4}.Debug|Any CPU.ActiveCfg = Debug|Any CPU
		{64DDB456-CAC7-49BD-8642-F8C792C6B8B4}.Debug|Any CPU.Build.0 = Debug|Any CPU
		{64DDB456-CAC7-49BD-8642-F8C792C6B8B4}.Release|Any CPU.ActiveCfg = Release|Any CPU
		{64DDB456-CAC7-49BD-8642-F8C792C6B8B4}.Release|Any CPU.Build.0 = Release|Any CPU
		{BBC3BA19-7B9E-4518-A82C-090F312CF109}.Debug|Any CPU.ActiveCfg = Debug|Any CPU
		{BBC3BA19-7B9E-4518-A82C-090F312CF109}.Debug|Any CPU.Build.0 = Debug|Any CPU
		{BBC3BA19-7B9E-4518-A82C-090F312CF109}.Release|Any CPU.ActiveCfg = Release|Any CPU
		{BBC3BA19-7B9E-4518-A82C-090F312CF109}.Release|Any CPU.Build.0 = Release|Any CPU
		{4FCFECC5-2253-4931-8551-47BF49CCB2D1}.Debug|Any CPU.ActiveCfg = Debug|Any CPU
		{4FCFECC5-2253-4931-8551-47BF49CCB2D1}.Debug|Any CPU.Build.0 = Debug|Any CPU
		{4FCFECC5-2253-4931-8551-47BF49CCB2D1}.Release|Any CPU.ActiveCfg = Release|Any CPU
		{4FCFECC5-2253-4931-8551-47BF49CCB2D1}.Release|Any CPU.Build.0 = Release|Any CPU
		{9A5AE4D1-0934-4C5F-8A55-F3D008F6E636}.Debug|Any CPU.ActiveCfg = Debug|Any CPU
		{9A5AE4D1-0934-4C5F-8A55-F3D008F6E636}.Debug|Any CPU.Build.0 = Debug|Any CPU
		{9A5AE4D1-0934-4C5F-8A55-F3D008F6E636}.Release|Any CPU.ActiveCfg = Release|Any CPU
		{9A5AE4D1-0934-4C5F-8A55-F3D008F6E636}.Release|Any CPU.Build.0 = Release|Any CPU
		{BD99A5E2-68F1-4C2E-9707-9AB6C671DB18}.Debug|Any CPU.ActiveCfg = Debug|Any CPU
		{BD99A5E2-68F1-4C2E-9707-9AB6C671DB18}.Debug|Any CPU.Build.0 = Debug|Any CPU
		{BD99A5E2-68F1-4C2E-9707-9AB6C671DB18}.Release|Any CPU.ActiveCfg = Release|Any CPU
		{BD99A5E2-68F1-4C2E-9707-9AB6C671DB18}.Release|Any CPU.Build.0 = Release|Any CPU
	EndGlobalSection
	GlobalSection(SolutionProperties) = preSolution
		HideSolutionNode = FALSE
	EndGlobalSection
	GlobalSection(NestedProjects) = preSolution
		{F6AE5032-CF76-4A83-A2C9-16C935F803E6} = {B8D9E0C8-92CE-41CD-8A35-A76870165AB4}
		{97C0D649-1640-4028-BFF8-9385A3798F64} = {F6AE5032-CF76-4A83-A2C9-16C935F803E6}
		{A18DB50B-93DF-492E-B88A-87587BFD5378} = {B555AF6F-802B-46BF-BB22-8AECEF0B609C}
		{4AAA9D7B-BB04-4FF3-894F-3F2FFDBB4FFF} = {B8D9E0C8-92CE-41CD-8A35-A76870165AB4}
		{3F0CFCB6-D980-416A-9FE3-487FFE23F0E6} = {4AAA9D7B-BB04-4FF3-894F-3F2FFDBB4FFF}
		{EC4C2CF8-8CF1-40BE-B434-5C86F89DF49E} = {B8D9E0C8-92CE-41CD-8A35-A76870165AB4}
		{64DDB456-CAC7-49BD-8642-F8C792C6B8B4} = {EC4C2CF8-8CF1-40BE-B434-5C86F89DF49E}
		{68D071AB-2167-4603-B096-934E8DAA76ED} = {B8D9E0C8-92CE-41CD-8A35-A76870165AB4}
		{BBC3BA19-7B9E-4518-A82C-090F312CF109} = {68D071AB-2167-4603-B096-934E8DAA76ED}
		{4FCFECC5-2253-4931-8551-47BF49CCB2D1} = {68D071AB-2167-4603-B096-934E8DAA76ED}
		{9A5AE4D1-0934-4C5F-8A55-F3D008F6E636} = {68D071AB-2167-4603-B096-934E8DAA76ED}
		{BD99A5E2-68F1-4C2E-9707-9AB6C671DB18} = {68D071AB-2167-4603-B096-934E8DAA76ED}
	EndGlobalSection
	GlobalSection(ExtensibilityGlobals) = postSolution
		SolutionGuid = {29EC8D94-B96B-4E05-8093-FB0C47B8CE2C}
	EndGlobalSection
EndGlobal
